
Microsoft Visual Studio Solution File, Format Version 12.00
# Visual Studio Version 16
VisualStudioVersion = 16.0.30413.136
MinimumVisualStudioVersion = 10.0.40219.1
Project("{FAE04EC0-301F-11D3-BF4B-00C04F79EFBC}") = "OpgaveSamling-Op1", "OpgaveSamling-Op1\OpgaveSamling-Op1.csproj", "{63786F6C-43EA-4539-8A86-204C8EAF400B}"
EndProject
Global
	GlobalSection(SolutionConfigurationPlatforms) = preSolution
		Debug|Any CPU = Debug|Any CPU
		Release|Any CPU = Release|Any CPU
	EndGlobalSection
	GlobalSection(ProjectConfigurationPlatforms) = postSolution
		{63786F6C-43EA-4539-8A86-204C8EAF400B}.Debug|Any CPU.ActiveCfg = Debug|Any CPU
		{63786F6C-43EA-4539-8A86-204C8EAF400B}.Debug|Any CPU.Build.0 = Debug|Any CPU
		{63786F6C-43EA-4539-8A86-204C8EAF400B}.Release|Any CPU.ActiveCfg = Release|Any CPU
		{63786F6C-43EA-4539-8A86-204C8EAF400B}.Release|Any CPU.Build.0 = Release|Any CPU
	EndGlobalSection
	GlobalSection(SolutionProperties) = preSolution
		HideSolutionNode = FALSE
	EndGlobalSection
	GlobalSection(ExtensibilityGlobals) = postSolution
		SolutionGuid = {29251F4B-7DE5-4331-A3DB-ACBFAC52CA89}
	EndGlobalSection
EndGlobal
